{
  "name": "video-list",
  "version": "0.0.1",
  "lockfileVersion": 3,
  "requires": true,
  "packages": {
    "": {
      "name": "video-list",
      "version": "0.0.1",
      "dependencies": {
        "video-list": "file:"
      },
      "devDependencies": {
        "path": "^0.12.7",
        "typescript": "^5.0.2",
        "vite": "^4.4.5",
        "vite-plugin-dts": "^3.6.0"
      }
    },
    "node_modules/@babel/helper-string-parser": {
      "version": "7.25.9",
      "resolved": "http://registry.m.jd.com/@babel/helper-string-parser/download/@babel/helper-string-parser-7.25.9.tgz",
      "integrity": "sha1-Gqu3Lucu01eJtLvK08ooYs5hTow=",
      "dev": true,
      "license": "MIT",
      "engines": {
        "node": ">=6.9.0"
      }
    },
    "node_modules/@babel/helper-validator-identifier": {
      "version": "7.25.9",
      "resolved": "http://registry.m.jd.com/@babel/helper-validator-identifier/download/@babel/helper-validator-identifier-7.25.9.tgz",
      "integrity": "sha1-JLZOLD7HzTs8VHcpuNFocfIsvcc=",
      "dev": true,
      "license": "MIT",
      "engines": {
        "node": ">=6.9.0"
      }
    },
    "node_modules/@babel/parser": {
      "version": "7.26.2",
      "resolved": "http://registry.m.jd.com/@babel/parser/download/@babel/parser-7.26.2.tgz",
      "integrity": "sha1-/XtvSHz+oJiJVX711O65/5pavRE=",
      "dev": true,
      "license": "MIT",
      "dependencies": {
        "@babel/types": "^7.26.0"
      },
      "bin": {
        "parser": "bin/babel-parser.js"
      },
      "engines": {
        "node": ">=6.0.0"
      }
    },
    "node_modules/@babel/types": {
      "version": "7.26.0",
      "resolved": "http://registry.m.jd.com/@babel/types/download/@babel/types-7.26.0.tgz",
      "integrity": "sha1-3qvQjWt1O8jg8Zj4cJ+1deMXdP8=",
      "dev": true,
      "license": "MIT",
      "dependencies": {
        "@babel/helper-string-parser": "^7.25.9",
        "@babel/helper-validator-identifier": "^7.25.9"
      },
      "engines": {
        "node": ">=6.9.0"
      }
    },
    "node_modules/@esbuild/android-arm": {
      "version": "0.18.20",
      "resolved": "http://registry.m.jd.com/@esbuild/android-arm/download/@esbuild/android-arm-0.18.20.tgz",
      "integrity": "sha1-/tsmW8OlichMwR+BCATyNJR8NoI=",
      "cpu": [
        "arm"
      ],
      "dev": true,
      "license": "MIT",
      "optional": true,
      "os": [
        "android"
      ],
      "engines": {
        "node": ">=12"
      }
    },
    "node_modules/@esbuild/android-arm64": {
      "version": "0.18.20",
      "resolved": "http://registry.m.jd.com/@esbuild/android-arm64/download/@esbuild/android-arm64-0.18.20.tgz",
      "integrity": "sha1-mEtPnI0Dd0Q8wt/O8mbQIkRZNiI=",
      "cpu": [
        "arm64"
      ],
      "dev": true,
      "license": "MIT",
      "optional": true,
      "os": [
        "android"
      ],
      "engines": {
        "node": ">=12"
      }
    },
    "node_modules/@esbuild/android-x64": {
      "version": "0.18.20",
      "resolved": "http://registry.m.jd.com/@esbuild/android-x64/download/@esbuild/android-x64-0.18.20.tgz",
      "integrity": "sha1-Nc9BnEz8i6voiT0pbNmQ6en3VvI=",
      "cpu": [
        "x64"
      ],
      "dev": true,
      "license": "MIT",
      "optional": true,
      "os": [
        "android"
      ],
      "engines": {
        "node": ">=12"
      }
    },
    "node_modules/@esbuild/darwin-arm64": {
      "version": "0.18.20",
      "resolved": "http://registry.m.jd.com/@esbuild/darwin-arm64/download/@esbuild/darwin-arm64-0.18.20.tgz",
      "integrity": "sha1-CBcsvsz5X7w4M5mn85z73a6w18E=",
      "cpu": [
        "arm64"
      ],
      "dev": true,
      "license": "MIT",
      "optional": true,
      "os": [
        "darwin"
      ],
      "engines": {
        "node": ">=12"
      }
    },
    "node_modules/@esbuild/darwin-x64": {
      "version": "0.18.20",
      "resolved": "http://registry.m.jd.com/@esbuild/darwin-x64/download/@esbuild/darwin-x64-0.18.20.tgz",
      "integrity": "sha1-1w1XkNi/R1VWtn0Pi3xb3/BT2F0=",
      "cpu": [
        "x64"
      ],
      "dev": true,
      "license": "MIT",
      "optional": true,
      "os": [
        "darwin"
      ],
      "engines": {
        "node": ">=12"
      }
    },
    "node_modules/@esbuild/freebsd-arm64": {
      "version": "0.18.20",
      "resolved": "http://registry.m.jd.com/@esbuild/freebsd-arm64/download/@esbuild/freebsd-arm64-0.18.20.tgz",
      "integrity": "sha1-mHVc0ScH+T8hDiSU1qS1G5aXf1Q=",
      "cpu": [
        "arm64"
      ],
      "dev": true,
      "license": "MIT",
      "optional": true,
      "os": [
        "freebsd"
      ],
      "engines": {
        "node": ">=12"
      }
    },
    "node_modules/@esbuild/freebsd-x64": {
      "version": "0.18.20",
      "resolved": "http://registry.m.jd.com/@esbuild/freebsd-x64/download/@esbuild/freebsd-x64-0.18.20.tgz",
      "integrity": "sha1-wesr/wORX4fCnOzkwaf6H0I7Bm4=",
      "cpu": [
        "x64"
      ],
      "dev": true,
      "license": "MIT",
      "optional": true,
      "os": [
        "freebsd"
      ],
      "engines": {
        "node": ">=12"
      }
    },
    "node_modules/@esbuild/linux-arm": {
      "version": "0.18.20",
      "resolved": "http://registry.m.jd.com/@esbuild/linux-arm/download/@esbuild/linux-arm-0.18.20.tgz",
      "integrity": "sha1-PmF8YfM1CKJxUO5BdUPIq1rMc7A=",
      "cpu": [
        "arm"
      ],
      "dev": true,
      "license": "MIT",
      "optional": true,
      "os": [
        "linux"
      ],
      "engines": {
        "node": ">=12"
      }
    },
    "node_modules/@esbuild/linux-arm64": {
      "version": "0.18.20",
      "resolved": "http://registry.m.jd.com/@esbuild/linux-arm64/download/@esbuild/linux-arm64-0.18.20.tgz",
      "integrity": "sha1-utQji9j0/CW1oCEoDHcKtfw6AqA=",
      "cpu": [
        "arm64"
      ],
      "dev": true,
      "license": "MIT",
      "optional": true,
      "os": [
        "linux"
      ],
      "engines": {
        "node": ">=12"
      }
    },
    "node_modules/@esbuild/linux-ia32": {
      "version": "0.18.20",
      "resolved": "http://registry.m.jd.com/@esbuild/linux-ia32/download/@esbuild/linux-ia32-0.18.20.tgz",
      "integrity": "sha1-aZORzMupruYBm3+YkuuZIZ8VcKc=",
      "cpu": [
        "ia32"
      ],
      "dev": true,
      "license": "MIT",
      "optional": true,
      "os": [
        "linux"
      ],
      "engines": {
        "node": ">=12"
      }
    },
    "node_modules/@esbuild/linux-loong64": {
      "version": "0.18.20",
      "resolved": "http://registry.m.jd.com/@esbuild/linux-loong64/download/@esbuild/linux-loong64-0.18.20.tgz",
      "integrity": "sha1-5vzLeqwXjdL/uYYEZayJ1/I7l30=",
      "cpu": [
        "loong64"
      ],
      "dev": true,
      "license": "MIT",
      "optional": true,
      "os": [
        "linux"
      ],
      "engines": {
        "node": ">=12"
      }
    },
    "node_modules/@esbuild/linux-mips64el": {
      "version": "0.18.20",
      "resolved": "http://registry.m.jd.com/@esbuild/linux-mips64el/download/@esbuild/linux-mips64el-0.18.20.tgz",
      "integrity": "sha1-7v86k33pwjEN4wYiqVetG9kYMjE=",
      "cpu": [
        "mips64el"
      ],
      "dev": true,
      "license": "MIT",
      "optional": true,
      "os": [
        "linux"
      ],
      "engines": {
        "node": ">=12"
      }
    },
    "node_modules/@esbuild/linux-ppc64": {
      "version": "0.18.20",
      "resolved": "http://registry.m.jd.com/@esbuild/linux-ppc64/download/@esbuild/linux-ppc64-0.18.20.tgz",
      "integrity": "sha1-L3FWveILAVJ5k+aIFDWtebqVmfs=",
      "cpu": [
        "ppc64"
      ],
      "dev": true,
      "license": "MIT",
      "optional": true,
      "os": [
        "linux"
      ],
      "engines": {
        "node": ">=12"
      }
    },
    "node_modules/@esbuild/linux-riscv64": {
      "version": "0.18.20",
      "resolved": "http://registry.m.jd.com/@esbuild/linux-riscv64/download/@esbuild/linux-riscv64-0.18.20.tgz",
      "integrity": "sha1-Zig4nyEBI9i0dDBFr4yqfU3fx6Y=",
      "cpu": [
        "riscv64"
      ],
      "dev": true,
      "license": "MIT",
      "optional": true,
      "os": [
        "linux"
      ],
      "engines": {
        "node": ">=12"
      }
    },
    "node_modules/@esbuild/linux-s390x": {
      "version": "0.18.20",
      "resolved": "http://registry.m.jd.com/@esbuild/linux-s390x/download/@esbuild/linux-s390x-0.18.20.tgz",
      "integrity": "sha1-JV6B+yibEBAmExhYq5n7pj3PAHE=",
      "cpu": [
        "s390x"
      ],
      "dev": true,
      "license": "MIT",
      "optional": true,
      "os": [
        "linux"
      ],
      "engines": {
        "node": ">=12"
      }
    },
    "node_modules/@esbuild/linux-x64": {
      "version": "0.18.20",
      "resolved": "http://registry.m.jd.com/@esbuild/linux-x64/download/@esbuild/linux-x64-0.18.20.tgz",
      "integrity": "sha1-x2kLNBevMYqbb5bfMDGohlF20zg=",
      "cpu": [
        "x64"
      ],
      "dev": true,
      "license": "MIT",
      "optional": true,
      "os": [
        "linux"
      ],
      "engines": {
        "node": ">=12"
      }
    },
    "node_modules/@esbuild/netbsd-x64": {
      "version": "0.18.20",
      "resolved": "http://registry.m.jd.com/@esbuild/netbsd-x64/download/@esbuild/netbsd-x64-0.18.20.tgz",
      "integrity": "sha1-MOjNij3e1jl14t8kOMoQlgHr4NE=",
      "cpu": [
        "x64"
      ],
      "dev": true,
      "license": "MIT",
      "optional": true,
      "os": [
        "netbsd"
      ],
      "engines": {
        "node": ">=12"
      }
    },
    "node_modules/@esbuild/openbsd-x64": {
      "version": "0.18.20",
      "resolved": "http://registry.m.jd.com/@esbuild/openbsd-x64/download/@esbuild/openbsd-x64-0.18.20.tgz",
      "integrity": "sha1-eBKvMbIFBVh0yAguqc+asNpiF64=",
      "cpu": [
        "x64"
      ],
      "dev": true,
      "license": "MIT",
      "optional": true,
      "os": [
        "openbsd"
      ],
      "engines": {
        "node": ">=12"
      }
    },
    "node_modules/@esbuild/sunos-x64": {
      "version": "0.18.20",
      "resolved": "http://registry.m.jd.com/@esbuild/sunos-x64/download/@esbuild/sunos-x64-0.18.20.tgz",
      "integrity": "sha1-1cJ1w7TnPJsOzTjRymLAIPiHq50=",
      "cpu": [
        "x64"
      ],
      "dev": true,
      "license": "MIT",
      "optional": true,
      "os": [
        "sunos"
      ],
      "engines": {
        "node": ">=12"
      }
    },
    "node_modules/@esbuild/win32-arm64": {
      "version": "0.18.20",
      "resolved": "http://registry.m.jd.com/@esbuild/win32-arm64/download/@esbuild/win32-arm64-0.18.20.tgz",
      "integrity": "sha1-c7x/Wp+Kd4BfNX+rl/KQ0OSCCsk=",
      "cpu": [
        "arm64"
      ],
      "dev": true,
      "license": "MIT",
      "optional": true,
      "os": [
        "win32"
      ],
      "engines": {
        "node": ">=12"
      }
    },
    "node_modules/@esbuild/win32-ia32": {
      "version": "0.18.20",
      "resolved": "http://registry.m.jd.com/@esbuild/win32-ia32/download/@esbuild/win32-ia32-0.18.20.tgz",
      "integrity": "sha1-7JPL8O8QhcwS5x4NZh0gVp/0IQI=",
      "cpu": [
        "ia32"
      ],
      "dev": true,
      "license": "MIT",
      "optional": true,
      "os": [
        "win32"
      ],
      "engines": {
        "node": ">=12"
      }
    },
    "node_modules/@esbuild/win32-x64": {
      "version": "0.18.20",
      "resolved": "http://registry.m.jd.com/@esbuild/win32-x64/download/@esbuild/win32-x64-0.18.20.tgz",
      "integrity": "sha1-eGxfQfBDsHr7GvN2g9fDNmiFj20=",
      "cpu": [
        "x64"
      ],
      "dev": true,
      "license": "MIT",
      "optional": true,
      "os": [
        "win32"
      ],
      "engines": {
        "node": ">=12"
      }
    },
    "node_modules/@jridgewell/sourcemap-codec": {
      "version": "1.5.0",
      "resolved": "http://registry.m.jd.com/@jridgewell/sourcemap-codec/download/@jridgewell/sourcemap-codec-1.5.0.tgz",
      "integrity": "sha1-MYi8snOkFLDSFf0ipYVAuYm5QJo=",
      "dev": true,
      "license": "MIT"
    },
    "node_modules/@microsoft/api-extractor": {
      "version": "7.43.0",
      "resolved": "http://registry.m.jd.com/@microsoft/api-extractor/download/@microsoft/api-extractor-7.43.0.tgz",
      "integrity": "sha1-QcQmd7xxzY4PI8Y8VoAthQROZc0=",
      "dev": true,
      "license": "MIT",
      "dependencies": {
        "@microsoft/api-extractor-model": "7.28.13",
        "@microsoft/tsdoc": "0.14.2",
        "@microsoft/tsdoc-config": "~0.16.1",
        "@rushstack/node-core-library": "4.0.2",
        "@rushstack/rig-package": "0.5.2",
        "@rushstack/terminal": "0.10.0",
        "@rushstack/ts-command-line": "4.19.1",
        "lodash": "~4.17.15",
        "minimatch": "~3.0.3",
        "resolve": "~1.22.1",
        "semver": "~7.5.4",
        "source-map": "~0.6.1",
        "typescript": "5.4.2"
      },
      "bin": {
        "api-extractor": "bin/api-extractor"
      }
    },
    "node_modules/@microsoft/api-extractor-model": {
      "version": "7.28.13",
      "resolved": "http://registry.m.jd.com/@microsoft/api-extractor-model/download/@microsoft/api-extractor-model-7.28.13.tgz",
      "integrity": "sha1-lvvFIVXg0H4Oq72WmQZbd3Av4zo=",
      "dev": true,
      "license": "MIT",
      "dependencies": {
        "@microsoft/tsdoc": "0.14.2",
        "@microsoft/tsdoc-config": "~0.16.1",
        "@rushstack/node-core-library": "4.0.2"
      }
    },
    "node_modules/@microsoft/api-extractor/node_modules/typescript": {
      "version": "5.4.2",
      "resolved": "http://registry.m.jd.com/typescript/download/typescript-5.4.2.tgz",
      "integrity": "sha1-CunOvPrpcHGEdP4NosCQytZXc3I=",
      "dev": true,
      "license": "Apache-2.0",
      "bin": {
        "tsc": "bin/tsc",
        "tsserver": "bin/tsserver"
      },
      "engines": {
        "node": ">=14.17"
      }
    },
    "node_modules/@microsoft/tsdoc": {
      "version": "0.14.2",
      "resolved": "http://registry.m.jd.com/@microsoft/tsdoc/download/@microsoft/tsdoc-0.14.2.tgz",
      "integrity": "sha1-w+xgSgtUuam4fpc138WeGl2mpfs=",
      "dev": true,
      "license": "MIT"
    },
    "node_modules/@microsoft/tsdoc-config": {
      "version": "0.16.2",
      "resolved": "http://registry.m.jd.com/@microsoft/tsdoc-config/download/@microsoft/tsdoc-config-0.16.2.tgz",
      "integrity": "sha1-t4a7Tq0A1U9Tg5pFjOYmyFSNOt8=",
      "dev": true,
      "license": "MIT",
      "dependencies": {
        "@microsoft/tsdoc": "0.14.2",
        "ajv": "~6.12.6",
        "jju": "~1.4.0",
        "resolve": "~1.19.0"
      }
    },
    "node_modules/@microsoft/tsdoc-config/node_modules/resolve": {
      "version": "1.19.0",
      "resolved": "http://registry.m.jd.com/resolve/download/resolve-1.19.0.tgz",
      "integrity": "sha1-GvW/YwQJc0oGfK4pMYqsf6KaJnw=",
      "dev": true,
      "license": "MIT",
      "dependencies": {
        "is-core-module": "^2.1.0",
        "path-parse": "^1.0.6"
      },
      "funding": {
        "url": "https://github.com/sponsors/ljharb"
      }
    },
    "node_modules/@rollup/pluginutils": {
      "version": "5.1.3",
      "resolved": "http://registry.m.jd.com/@rollup/pluginutils/download/@rollup/pluginutils-5.1.3.tgz",
      "integrity": "sha1-MAG/GgPzrSRFdZHywlnI5RTg298=",
      "dev": true,
      "license": "MIT",
      "dependencies": {
        "@types/estree": "^1.0.0",
        "estree-walker": "^2.0.2",
        "picomatch": "^4.0.2"
      },
      "engines": {
        "node": ">=14.0.0"
      },
      "peerDependencies": {
        "rollup": "^1.20.0||^2.0.0||^3.0.0||^4.0.0"
      },
      "peerDependenciesMeta": {
        "rollup": {
          "optional": true
        }
      }
    },
    "node_modules/@rushstack/node-core-library": {
      "version": "4.0.2",
      "resolved": "http://registry.m.jd.com/@rushstack/node-core-library/download/@rushstack/node-core-library-4.0.2.tgz",
      "integrity": "sha1-4mhUozFLJ51X6KvbSszneX0C9VQ=",
      "dev": true,
      "license": "MIT",
      "dependencies": {
        "fs-extra": "~7.0.1",
        "import-lazy": "~4.0.0",
        "jju": "~1.4.0",
        "resolve": "~1.22.1",
        "semver": "~7.5.4",
        "z-schema": "~5.0.2"
      },
      "peerDependencies": {
        "@types/node": "*"
      },
      "peerDependenciesMeta": {
        "@types/node": {
          "optional": true
        }
      }
    },
    "node_modules/@rushstack/rig-package": {
      "version": "0.5.2",
      "resolved": "http://registry.m.jd.com/@rushstack/rig-package/download/@rushstack/rig-package-0.5.2.tgz",
      "integrity": "sha1-DiOhFZBGeHF6dASWYZMcCzfdVJU=",
      "dev": true,
      "license": "MIT",
      "dependencies": {
        "resolve": "~1.22.1",
        "strip-json-comments": "~3.1.1"
      }
    },
    "node_modules/@rushstack/terminal": {
      "version": "0.10.0",
      "resolved": "http://registry.m.jd.com/@rushstack/terminal/download/@rushstack/terminal-0.10.0.tgz",
      "integrity": "sha1-6BkJ+g5cgBa230c58POB9ENYJp8=",
      "dev": true,
      "license": "MIT",
      "dependencies": {
        "@rushstack/node-core-library": "4.0.2",
        "supports-color": "~8.1.1"
      },
      "peerDependencies": {
        "@types/node": "*"
      },
      "peerDependenciesMeta": {
        "@types/node": {
          "optional": true
        }
      }
    },
    "node_modules/@rushstack/ts-command-line": {
      "version": "4.19.1",
      "resolved": "http://registry.m.jd.com/@rushstack/ts-command-line/download/@rushstack/ts-command-line-4.19.1.tgz",
      "integrity": "sha1-KI7lTdYH5ViovgdwWGnBbDG1w+8=",
      "dev": true,
      "license": "MIT",
      "dependencies": {
        "@rushstack/terminal": "0.10.0",
        "@types/argparse": "1.0.38",
        "argparse": "~1.0.9",
        "string-argv": "~0.3.1"
      }
    },
    "node_modules/@types/argparse": {
      "version": "1.0.38",
      "resolved": "http://registry.m.jd.com/@types/argparse/download/@types/argparse-1.0.38.tgz",
      "integrity": "sha1-qB/YYG1IH4c6OADG665PHXaKVqk=",
      "dev": true,
      "license": "MIT"
    },
    "node_modules/@types/estree": {
      "version": "1.0.6",
      "resolved": "http://registry.m.jd.com/@types/estree/download/@types/estree-1.0.6.tgz",
      "integrity": "sha1-Yo7/7q4gZKG055946B2Ht+X8e1A=",
      "dev": true,
      "license": "MIT"
    },
    "node_modules/@volar/language-core": {
      "version": "1.11.1",
      "resolved": "http://registry.m.jd.com/@volar/language-core/download/@volar/language-core-1.11.1.tgz",
      "integrity": "sha1-7N8S6o3DX7hUnlF5kavL9EmlrU8=",
      "dev": true,
      "license": "MIT",
      "dependencies": {
        "@volar/source-map": "1.11.1"
      }
    },
    "node_modules/@volar/source-map": {
      "version": "1.11.1",
      "resolved": "http://registry.m.jd.com/@volar/source-map/download/@volar/source-map-1.11.1.tgz",
      "integrity": "sha1-U1sDKNnit6kd/4Rsq0BY4ZH0RS8=",
      "dev": true,
      "license": "MIT",
      "dependencies": {
        "muggle-string": "^0.3.1"
      }
    },
    "node_modules/@volar/typescript": {
      "version": "1.11.1",
      "resolved": "http://registry.m.jd.com/@volar/typescript/download/@volar/typescript-1.11.1.tgz",
      "integrity": "sha1-uobG8ybYjiScf1z+S3Zb45Rv1ic=",
      "dev": true,
      "license": "MIT",
      "dependencies": {
        "@volar/language-core": "1.11.1",
        "path-browserify": "^1.0.1"
      }
    },
    "node_modules/@vue/compiler-core": {
      "version": "3.5.13",
      "resolved": "http://registry.m.jd.com/@vue/compiler-core/download/@vue/compiler-core-3.5.13.tgz",
      "integrity": "sha1-sK5sQ0f2DAPoSaBdNOW/dHyb2gU=",
      "dev": true,
      "license": "MIT",
      "dependencies": {
        "@babel/parser": "^7.25.3",
        "@vue/shared": "3.5.13",
        "entities": "^4.5.0",
        "estree-walker": "^2.0.2",
        "source-map-js": "^1.2.0"
      }
    },
    "node_modules/@vue/compiler-dom": {
      "version": "3.5.13",
      "resolved": "http://registry.m.jd.com/@vue/compiler-dom/download/@vue/compiler-dom-3.5.13.tgz",
      "integrity": "sha1-uxuHWNvFQrNljdqXO5ihyTEailg=",
      "dev": true,
      "license": "MIT",
      "dependencies": {
        "@vue/compiler-core": "3.5.13",
        "@vue/shared": "3.5.13"
      }
    },
    "node_modules/@vue/language-core": {
      "version": "1.8.27",
      "resolved": "http://registry.m.jd.com/@vue/language-core/download/@vue/language-core-1.8.27.tgz",
      "integrity": "sha1-LKaJLLUk4CSkTlVOTFXXoj5yJj8=",
      "dev": true,
      "license": "MIT",
      "dependencies": {
        "@volar/language-core": "~1.11.1",
        "@volar/source-map": "~1.11.1",
        "@vue/compiler-dom": "^3.3.0",
        "@vue/shared": "^3.3.0",
        "computeds": "^0.0.1",
        "minimatch": "^9.0.3",
        "muggle-string": "^0.3.1",
        "path-browserify": "^1.0.1",
        "vue-template-compiler": "^2.7.14"
      },
      "peerDependencies": {
        "typescript": "*"
      },
      "peerDependenciesMeta": {
        "typescript": {
          "optional": true
        }
      }
    },
    "node_modules/@vue/language-core/node_modules/brace-expansion": {
      "version": "2.0.1",
      "resolved": "http://registry.m.jd.com/brace-expansion/download/brace-expansion-2.0.1.tgz",
      "integrity": "sha1-HtxFng8MVISG7Pn8mfIiE2S5oK4=",
      "dev": true,
      "license": "MIT",
      "dependencies": {
        "balanced-match": "^1.0.0"
      }
    },
    "node_modules/@vue/language-core/node_modules/minimatch": {
      "version": "9.0.5",
      "resolved": "http://registry.m.jd.com/minimatch/download/minimatch-9.0.5.tgz",
      "integrity": "sha1-10+d1rV9g9jpjPuCEzsDl4vJKeU=",
      "dev": true,
      "license": "ISC",
      "dependencies": {
        "brace-expansion": "^2.0.1"
      },
      "engines": {
        "node": ">=16 || 14 >=14.17"
      },
      "funding": {
        "url": "https://github.com/sponsors/isaacs"
      }
    },
    "node_modules/@vue/shared": {
      "version": "3.5.13",
      "resolved": "http://registry.m.jd.com/@vue/shared/download/@vue/shared-3.5.13.tgz",
      "integrity": "sha1-h7MJpjecIrkm5paJMjeCb2Qzm28=",
      "dev": true,
      "license": "MIT"
    },
    "node_modules/ajv": {
      "version": "6.12.6",
      "resolved": "http://registry.m.jd.com/ajv/download/ajv-6.12.6.tgz",
      "integrity": "sha1-uvWmLoArB9l3A0WG+MO69a3ybfQ=",
      "dev": true,
      "license": "MIT",
      "dependencies": {
        "fast-deep-equal": "^3.1.1",
        "fast-json-stable-stringify": "^2.0.0",
        "json-schema-traverse": "^0.4.1",
        "uri-js": "^4.2.2"
      },
      "funding": {
        "type": "github",
        "url": "https://github.com/sponsors/epoberezkin"
      }
    },
    "node_modules/argparse": {
      "version": "1.0.10",
      "resolved": "http://registry.m.jd.com/argparse/download/argparse-1.0.10.tgz",
      "integrity": "sha1-vNZ5HqWuCXJeF+WtmIE0zUCz2RE=",
      "dev": true,
      "license": "MIT",
      "dependencies": {
        "sprintf-js": "~1.0.2"
      }
    },
    "node_modules/balanced-match": {
      "version": "1.0.2",
      "resolved": "http://registry.m.jd.com/balanced-match/download/balanced-match-1.0.2.tgz",
      "integrity": "sha1-6D46fj8wCzTLnYf2FfoMvzV2kO4=",
      "dev": true,
      "license": "MIT"
    },
    "node_modules/brace-expansion": {
      "version": "1.1.11",
      "resolved": "http://registry.m.jd.com/brace-expansion/download/brace-expansion-1.1.11.tgz",
      "integrity": "sha1-PH/L9SnYcibz0vUrlm/1Jx60Qd0=",
      "dev": true,
      "license": "MIT",
      "dependencies": {
        "balanced-match": "^1.0.0",
        "concat-map": "0.0.1"
      }
    },
    "node_modules/commander": {
      "version": "9.5.0",
      "resolved": "http://registry.m.jd.com/commander/download/commander-9.5.0.tgz",
      "integrity": "sha1-vAjR61zt98y3l6lhmdQce8PmDTA=",
      "dev": true,
      "license": "MIT",
      "optional": true,
      "engines": {
        "node": "^12.20.0 || >=14"
      }
    },
    "node_modules/computeds": {
      "version": "0.0.1",
      "resolved": "http://registry.m.jd.com/computeds/download/computeds-0.0.1.tgz",
      "integrity": "sha1-IVsIpLo+CKEf9u7l1tjXFmqXzi4=",
      "dev": true,
      "license": "MIT"
    },
    "node_modules/concat-map": {
      "version": "0.0.1",
      "resolved": "http://registry.m.jd.com/concat-map/download/concat-map-0.0.1.tgz",
      "integrity": "sha1-2Klr13/Wjfd5OnMDajug1UBdR3s=",
      "dev": true,
      "license": "MIT"
    },
    "node_modules/de-indent": {
      "version": "1.0.2",
      "resolved": "http://registry.m.jd.com/de-indent/download/de-indent-1.0.2.tgz",
      "integrity": "sha1-sgOOhG3DO6pXlhKNCAS0VbjB4h0=",
      "dev": true,
      "license": "MIT"
    },
    "node_modules/debug": {
      "version": "4.3.7",
      "resolved": "http://registry.m.jd.com/debug/download/debug-4.3.7.tgz",
      "integrity": "sha1-h5RbQVGgEddtlaGY1xEchlw2ClI=",
      "dev": true,
      "license": "MIT",
      "dependencies": {
        "ms": "^2.1.3"
      },
      "engines": {
        "node": ">=6.0"
      },
      "peerDependenciesMeta": {
        "supports-color": {
          "optional": true
        }
      }
    },
    "node_modules/entities": {
      "version": "4.5.0",
      "resolved": "http://registry.m.jd.com/entities/download/entities-4.5.0.tgz",
      "integrity": "sha1-XSaOpecRPsdMTQM7eepaNaSI+0g=",
      "dev": true,
      "license": "BSD-2-Clause",
      "engines": {
        "node": ">=0.12"
      },
      "funding": {
        "url": "https://github.com/fb55/entities?sponsor=1"
      }
    },
    "node_modules/esbuild": {
      "version": "0.18.20",
      "resolved": "http://registry.m.jd.com/esbuild/download/esbuild-0.18.20.tgz",
      "integrity": "sha1-Rwn1o0gBtDt5mrfW2C9yhKm3p6Y=",
      "dev": true,
      "hasInstallScript": true,
      "license": "MIT",
      "bin": {
        "esbuild": "bin/esbuild"
      },
      "engines": {
        "node": ">=12"
      },
      "optionalDependencies": {
        "@esbuild/android-arm": "0.18.20",
        "@esbuild/android-arm64": "0.18.20",
        "@esbuild/android-x64": "0.18.20",
        "@esbuild/darwin-arm64": "0.18.20",
        "@esbuild/darwin-x64": "0.18.20",
        "@esbuild/freebsd-arm64": "0.18.20",
        "@esbuild/freebsd-x64": "0.18.20",
        "@esbuild/linux-arm": "0.18.20",
        "@esbuild/linux-arm64": "0.18.20",
        "@esbuild/linux-ia32": "0.18.20",
        "@esbuild/linux-loong64": "0.18.20",
        "@esbuild/linux-mips64el": "0.18.20",
        "@esbuild/linux-ppc64": "0.18.20",
        "@esbuild/linux-riscv64": "0.18.20",
        "@esbuild/linux-s390x": "0.18.20",
        "@esbuild/linux-x64": "0.18.20",
        "@esbuild/netbsd-x64": "0.18.20",
        "@esbuild/openbsd-x64": "0.18.20",
        "@esbuild/sunos-x64": "0.18.20",
        "@esbuild/win32-arm64": "0.18.20",
        "@esbuild/win32-ia32": "0.18.20",
        "@esbuild/win32-x64": "0.18.20"
      }
    },
    "node_modules/estree-walker": {
      "version": "2.0.2",
      "resolved": "http://registry.m.jd.com/estree-walker/download/estree-walker-2.0.2.tgz",
      "integrity": "sha1-UvAQF4wqTBF6d1fP6UKtt9LaTKw=",
      "dev": true,
      "license": "MIT"
    },
    "node_modules/fast-deep-equal": {
      "version": "3.1.3",
      "resolved": "http://registry.m.jd.com/fast-deep-equal/download/fast-deep-equal-3.1.3.tgz",
      "integrity": "sha1-On1WtVnWy8PrUSMlJE5hmmXGxSU=",
      "dev": true,
      "license": "MIT"
    },
    "node_modules/fast-json-stable-stringify": {
      "version": "2.1.0",
      "resolved": "http://registry.m.jd.com/fast-json-stable-stringify/download/fast-json-stable-stringify-2.1.0.tgz",
      "integrity": "sha1-h0v2nG9ATCtdmcSBNBOZ/VWJJjM=",
      "dev": true,
      "license": "MIT"
    },
    "node_modules/fs-extra": {
      "version": "7.0.1",
      "resolved": "http://registry.m.jd.com/fs-extra/download/fs-extra-7.0.1.tgz",
      "integrity": "sha1-TxicRKoSO4lfcigE9V6iPq3DSOk=",
      "dev": true,
      "license": "MIT",
      "dependencies": {
        "graceful-fs": "^4.1.2",
        "jsonfile": "^4.0.0",
        "universalify": "^0.1.0"
      },
      "engines": {
        "node": ">=6 <7 || >=8"
      }
    },
    "node_modules/fsevents": {
      "version": "2.3.3",
      "resolved": "http://registry.m.jd.com/fsevents/download/fsevents-2.3.3.tgz",
      "integrity": "sha1-ysZAd4XQNnWipeGlMFxpezR9kNY=",
      "dev": true,
      "hasInstallScript": true,
      "license": "MIT",
      "optional": true,
      "os": [
        "darwin"
      ],
      "engines": {
        "node": "^8.16.0 || ^10.6.0 || >=11.0.0"
      }
    },
    "node_modules/function-bind": {
      "version": "1.1.2",
      "resolved": "http://registry.m.jd.com/function-bind/download/function-bind-1.1.2.tgz",
      "integrity": "sha1-LALYZNl/PqbIgwxGTL0Rq26rehw=",
      "dev": true,
      "license": "MIT",
      "funding": {
        "url": "https://github.com/sponsors/ljharb"
      }
    },
    "node_modules/graceful-fs": {
      "version": "4.2.11",
      "resolved": "http://registry.m.jd.com/graceful-fs/download/graceful-fs-4.2.11.tgz",
      "integrity": "sha1-QYPk6L8Iu24Fu7L30uDI9xLKQOM=",
      "dev": true,
      "license": "ISC"
    },
    "node_modules/has-flag": {
      "version": "4.0.0",
      "resolved": "http://registry.m.jd.com/has-flag/download/has-flag-4.0.0.tgz",
      "integrity": "sha1-lEdx/ZyByBJlxNaUGGDaBrtZR5s=",
      "dev": true,
      "license": "MIT",
      "engines": {
        "node": ">=8"
      }
    },
    "node_modules/hasown": {
      "version": "2.0.2",
      "resolved": "http://registry.m.jd.com/hasown/download/hasown-2.0.2.tgz",
      "integrity": "sha1-AD6vkb563DcuhOxZ3DclLO24AAM=",
      "dev": true,
      "license": "MIT",
      "dependencies": {
        "function-bind": "^1.1.2"
      },
      "engines": {
        "node": ">= 0.4"
      }
    },
    "node_modules/he": {
      "version": "1.2.0",
      "resolved": "http://registry.m.jd.com/he/download/he-1.2.0.tgz",
      "integrity": "sha1-hK5l+n6vsWX922FWauFLrwVmTw8=",
      "dev": true,
      "license": "MIT",
      "bin": {
        "he": "bin/he"
      }
    },
    "node_modules/import-lazy": {
      "version": "4.0.0",
      "resolved": "http://registry.m.jd.com/import-lazy/download/import-lazy-4.0.0.tgz",
      "integrity": "sha1-6OtidIOgpD2jwD8+NVSL5csMwVM=",
      "dev": true,
      "license": "MIT",
      "engines": {
        "node": ">=8"
      }
    },
    "node_modules/inherits": {
      "version": "2.0.3",
      "resolved": "http://registry.m.jd.com/inherits/download/inherits-2.0.3.tgz",
      "integrity": "sha1-Yzwsg+PaQqUC9SRmAiSA9CCCYd4=",
      "dev": true,
      "license": "ISC"
    },
    "node_modules/is-core-module": {
      "version": "2.15.1",
      "resolved": "http://registry.m.jd.com/is-core-module/download/is-core-module-2.15.1.tgz",
      "integrity": "sha1-pzY6Jb7pQv76sN4Tv2qjcsgtzDc=",
      "dev": true,
      "license": "MIT",
      "dependencies": {
        "hasown": "^2.0.2"
      },
      "engines": {
        "node": ">= 0.4"
      },
      "funding": {
        "url": "https://github.com/sponsors/ljharb"
      }
    },
    "node_modules/jju": {
      "version": "1.4.0",
      "resolved": "http://registry.m.jd.com/jju/download/jju-1.4.0.tgz",
      "integrity": "sha1-o6vicYryQaKykE+EpiWXDzia4yo=",
      "dev": true,
      "license": "MIT"
    },
    "node_modules/json-schema-traverse": {
      "version": "0.4.1",
      "resolved": "http://registry.m.jd.com/json-schema-traverse/download/json-schema-traverse-0.4.1.tgz",
      "integrity": "sha1-afaofZUTq4u4/mO9sJecRI5oRmA=",
      "dev": true,
      "license": "MIT"
    },
    "node_modules/jsonfile": {
      "version": "4.0.0",
      "resolved": "http://registry.m.jd.com/jsonfile/download/jsonfile-4.0.0.tgz",
      "integrity": "sha1-h3Gq4HmbZAdrdmQPygWPnBDjPss=",
      "dev": true,
      "license": "MIT",
      "optionalDependencies": {
        "graceful-fs": "^4.1.6"
      }
    },
    "node_modules/kolorist": {
      "version": "1.8.0",
      "resolved": "http://registry.m.jd.com/kolorist/download/kolorist-1.8.0.tgz",
      "integrity": "sha1-7d27vHiUvBMwLN90CvY3TUoEdDw=",
      "dev": true,
      "license": "MIT"
    },
    "node_modules/lodash": {
      "version": "4.17.21",
      "resolved": "http://registry.m.jd.com/lodash/download/lodash-4.17.21.tgz",
      "integrity": "sha1-Z5WRxWTDv/quhFTPCz3zcMPWkRw=",
      "dev": true,
      "license": "MIT"
    },
    "node_modules/lodash.get": {
      "version": "4.4.2",
      "resolved": "http://registry.m.jd.com/lodash.get/download/lodash.get-4.4.2.tgz",
      "integrity": "sha1-LRd/ZS+jHpObRDjVNBSZ36OCXpk=",
      "dev": true,
      "license": "MIT"
    },
    "node_modules/lodash.isequal": {
      "version": "4.5.0",
      "resolved": "http://registry.m.jd.com/lodash.isequal/download/lodash.isequal-4.5.0.tgz",
      "integrity": "sha1-QVxEePK8wwEgwizhDtMib30+GOA=",
      "dev": true,
      "license": "MIT"
    },
    "node_modules/lru-cache": {
      "version": "6.0.0",
      "resolved": "http://registry.m.jd.com/lru-cache/download/lru-cache-6.0.0.tgz",
      "integrity": "sha1-bW/mVw69lqr5D8rR2vo7JWbbOpQ=",
      "dev": true,
      "license": "ISC",
      "dependencies": {
        "yallist": "^4.0.0"
      },
      "engines": {
        "node": ">=10"
      }
    },
    "node_modules/magic-string": {
      "version": "0.30.12",
      "resolved": "http://registry.m.jd.com/magic-string/download/magic-string-0.30.12.tgz",
      "integrity": "sha1-nrEcnQcrm8tJQKWywuGiF+TuGmA=",
      "dev": true,
      "license": "MIT",
      "dependencies": {
        "@jridgewell/sourcemap-codec": "^1.5.0"
      }
    },
    "node_modules/minimatch": {
      "version": "3.0.8",
      "resolved": "http://registry.m.jd.com/minimatch/download/minimatch-3.0.8.tgz",
      "integrity": "sha1-XmpZvRHiqw3hz7hD6y2C5UbDIcE=",
      "dev": true,
      "license": "ISC",
      "dependencies": {
        "brace-expansion": "^1.1.7"
      },
      "engines": {
        "node": "*"
      }
    },
    "node_modules/ms": {
      "version": "2.1.3",
      "resolved": "http://registry.m.jd.com/ms/download/ms-2.1.3.tgz",
      "integrity": "sha1-V0yBOM4dK1hh8LRFedut1gxmFbI=",
      "dev": true,
      "license": "MIT"
    },
    "node_modules/muggle-string": {
      "version": "0.3.1",
      "resolved": "http://registry.m.jd.com/muggle-string/download/muggle-string-0.3.1.tgz",
      "integrity": "sha1-5SQxLrFyjGPdCyrEnjKC5u2Fljo=",
      "dev": true,
      "license": "MIT"
    },
    "node_modules/nanoid": {
      "version": "3.3.7",
      "resolved": "http://registry.m.jd.com/nanoid/download/nanoid-3.3.7.tgz",
      "integrity": "sha1-0MMBppG8jVTvoKIibM8/4v1la9g=",
      "dev": true,
      "funding": [
        {
          "type": "github",
          "url": "https://github.com/sponsors/ai"
        }
      ],
      "license": "MIT",
      "bin": {
        "nanoid": "bin/nanoid.cjs"
      },
      "engines": {
        "node": "^10 || ^12 || ^13.7 || ^14 || >=15.0.1"
      }
    },
    "node_modules/path": {
      "version": "0.12.7",
      "resolved": "http://registry.m.jd.com/path/download/path-0.12.7.tgz",
      "integrity": "sha1-1NwqUGxM4hl+tIHr/NWzbAFAsQ8=",
      "dev": true,
      "license": "MIT",
      "dependencies": {
        "process": "^0.11.1",
        "util": "^0.10.3"
      }
    },
    "node_modules/path-browserify": {
      "version": "1.0.1",
      "resolved": "http://registry.m.jd.com/path-browserify/download/path-browserify-1.0.1.tgz",
      "integrity": "sha1-2YRUqcN1PVeQhg8W9ohnueRr4f0=",
      "dev": true,
      "license": "MIT"
    },
    "node_modules/path-parse": {
      "version": "1.0.7",
      "resolved": "http://registry.m.jd.com/path-parse/download/path-parse-1.0.7.tgz",
      "integrity": "sha1-+8EUtgykKzDZ2vWFjkvWi77bZzU=",
      "dev": true,
      "license": "MIT"
    },
    "node_modules/picocolors": {
      "version": "1.1.1",
      "resolved": "http://registry.m.jd.com/picocolors/download/picocolors-1.1.1.tgz",
      "integrity": "sha1-PTIa8+q5ObCDyPkpodEs2oHCa2s=",
      "dev": true,
      "license": "ISC"
    },
    "node_modules/picomatch": {
      "version": "4.0.2",
      "resolved": "http://registry.m.jd.com/picomatch/download/picomatch-4.0.2.tgz",
      "integrity": "sha1-d8dCkx6PO4gglGx2zQwfE3MNHas=",
      "dev": true,
      "license": "MIT",
      "engines": {
        "node": ">=12"
      },
      "funding": {
        "url": "https://github.com/sponsors/jonschlinkert"
      }
    },
    "node_modules/postcss": {
      "version": "8.4.49",
      "resolved": "http://registry.m.jd.com/postcss/download/postcss-8.4.49.tgz",
      "integrity": "sha1-TqR5BIqwWas65h0IIZD6v9mU/hk=",
      "dev": true,
      "funding": [
        {
          "type": "opencollective",
          "url": "https://opencollective.com/postcss/"
        },
        {
          "type": "tidelift",
          "url": "https://tidelift.com/funding/github/npm/postcss"
        },
        {
          "type": "github",
          "url": "https://github.com/sponsors/ai"
        }
      ],
      "license": "MIT",
      "dependencies": {
        "nanoid": "^3.3.7",
        "picocolors": "^1.1.1",
        "source-map-js": "^1.2.1"
      },
      "engines": {
        "node": "^10 || ^12 || >=14"
      }
    },
    "node_modules/process": {
      "version": "0.11.10",
      "resolved": "http://registry.m.jd.com/process/download/process-0.11.10.tgz",
      "integrity": "sha1-czIwDoQBYb2j5podHZGn1LwW8YI=",
      "dev": true,
      "license": "MIT",
      "engines": {
        "node": ">= 0.6.0"
      }
    },
    "node_modules/punycode": {
      "version": "2.3.1",
      "resolved": "http://registry.m.jd.com/punycode/download/punycode-2.3.1.tgz",
      "integrity": "sha1-AnQi4vrsCyXhVJw+G9gwm5EztuU=",
      "dev": true,
      "license": "MIT",
      "engines": {
        "node": ">=6"
      }
    },
    "node_modules/resolve": {
      "version": "1.22.8",
      "resolved": "http://registry.m.jd.com/resolve/download/resolve-1.22.8.tgz",
      "integrity": "sha1-tsh6nyqgbfq1Lj1wrIzeMh+lpI0=",
      "dev": true,
      "license": "MIT",
      "dependencies": {
        "is-core-module": "^2.13.0",
        "path-parse": "^1.0.7",
        "supports-preserve-symlinks-flag": "^1.0.0"
      },
      "bin": {
        "resolve": "bin/resolve"
      },
      "funding": {
        "url": "https://github.com/sponsors/ljharb"
      }
    },
    "node_modules/rollup": {
      "version": "3.29.5",
      "resolved": "http://registry.m.jd.com/rollup/download/rollup-3.29.5.tgz",
      "integrity": "sha1-ii5HenWLUg+3ja8EvKTFIsHailQ=",
      "dev": true,
      "license": "MIT",
      "bin": {
        "rollup": "dist/bin/rollup"
      },
      "engines": {
        "node": ">=14.18.0",
        "npm": ">=8.0.0"
      },
      "optionalDependencies": {
        "fsevents": "~2.3.2"
      }
    },
    "node_modules/semver": {
      "version": "7.5.4",
      "resolved": "http://registry.m.jd.com/semver/download/semver-7.5.4.tgz",
      "integrity": "sha1-SDmG7E7TjhxsSMNIlKkYLb/2im4=",
      "dev": true,
      "license": "ISC",
      "dependencies": {
        "lru-cache": "^6.0.0"
      },
      "bin": {
        "semver": "bin/semver.js"
      },
      "engines": {
        "node": ">=10"
      }
    },
    "node_modules/source-map": {
      "version": "0.6.1",
      "resolved": "http://registry.m.jd.com/source-map/download/source-map-0.6.1.tgz",
      "integrity": "sha1-dHIq8y6WFOnCh6jQu95IteLxomM=",
      "dev": true,
      "license": "BSD-3-Clause",
      "engines": {
        "node": ">=0.10.0"
      }
    },
    "node_modules/source-map-js": {
      "version": "1.2.1",
      "resolved": "http://registry.m.jd.com/source-map-js/download/source-map-js-1.2.1.tgz",
      "integrity": "sha1-HOVlD93YerwJnto33P8CTCZnrkY=",
      "dev": true,
      "license": "BSD-3-Clause",
      "engines": {
        "node": ">=0.10.0"
      }
    },
    "node_modules/sprintf-js": {
      "version": "1.0.3",
      "resolved": "http://registry.m.jd.com/sprintf-js/download/sprintf-js-1.0.3.tgz",
      "integrity": "sha1-BOaSb2YolTVPPdAVIDYzuFcpfiw=",
      "dev": true,
      "license": "BSD-3-Clause"
    },
    "node_modules/string-argv": {
      "version": "0.3.2",
      "resolved": "http://registry.m.jd.com/string-argv/download/string-argv-0.3.2.tgz",
      "integrity": "sha1-K20O8ktlYnTZV9VOCku/YVPcArY=",
      "dev": true,
      "license": "MIT",
      "engines": {
        "node": ">=0.6.19"
      }
    },
    "node_modules/strip-json-comments": {
      "version": "3.1.1",
      "resolved": "http://registry.m.jd.com/strip-json-comments/download/strip-json-comments-3.1.1.tgz",
      "integrity": "sha1-MfEoGzgyYwQ0gxwxDAHMzajL4AY=",
      "dev": true,
      "license": "MIT",
      "engines": {
        "node": ">=8"
      },
      "funding": {
        "url": "https://github.com/sponsors/sindresorhus"
      }
    },
    "node_modules/supports-color": {
      "version": "8.1.1",
      "resolved": "http://registry.m.jd.com/supports-color/download/supports-color-8.1.1.tgz",
      "integrity": "sha1-zW/BfihQDP9WwbhsCn/UpUpzAFw=",
      "dev": true,
      "license": "MIT",
      "dependencies": {
        "has-flag": "^4.0.0"
      },
      "engines": {
        "node": ">=10"
      },
      "funding": {
        "url": "https://github.com/chalk/supports-color?sponsor=1"
      }
    },
    "node_modules/supports-preserve-symlinks-flag": {
      "version": "1.0.0",
      "resolved": "http://registry.m.jd.com/supports-preserve-symlinks-flag/download/supports-preserve-symlinks-flag-1.0.0.tgz",
      "integrity": "sha1-btpL00SjyUrqN21MwxvHcxEDngk=",
      "dev": true,
      "license": "MIT",
      "engines": {
        "node": ">= 0.4"
      },
      "funding": {
        "url": "https://github.com/sponsors/ljharb"
      }
    },
    "node_modules/typescript": {
      "version": "5.6.3",
      "resolved": "http://registry.m.jd.com/typescript/download/typescript-5.6.3.tgz",
      "integrity": "sha1-XzRJ4xydlP67F94DzAgd1W2B21s=",
      "dev": true,
      "license": "Apache-2.0",
      "bin": {
        "tsc": "bin/tsc",
        "tsserver": "bin/tsserver"
      },
      "engines": {
        "node": ">=14.17"
      }
    },
    "node_modules/universalify": {
      "version": "0.1.2",
      "resolved": "http://registry.m.jd.com/universalify/download/universalify-0.1.2.tgz",
      "integrity": "sha1-tkb2m+OULavOzJ1mOcgNwQXvqmY=",
      "dev": true,
      "license": "MIT",
      "engines": {
        "node": ">= 4.0.0"
      }
    },
    "node_modules/uri-js": {
      "version": "4.4.1",
      "resolved": "http://registry.m.jd.com/uri-js/download/uri-js-4.4.1.tgz",
      "integrity": "sha1-mxpSWVIlhZ5V9mnZKPiMbFfyp34=",
      "dev": true,
      "license": "BSD-2-Clause",
      "dependencies": {
        "punycode": "^2.1.0"
      }
    },
    "node_modules/util": {
      "version": "0.10.4",
      "resolved": "http://registry.m.jd.com/util/download/util-0.10.4.tgz",
      "integrity": "sha1-OqASW/5mikZy3liFfTrOJ+y3aQE=",
      "dev": true,
      "license": "MIT",
      "dependencies": {
        "inherits": "2.0.3"
      }
    },
    "node_modules/validator": {
      "version": "13.12.0",
      "resolved": "http://registry.m.jd.com/validator/download/validator-13.12.0.tgz",
      "integrity": "sha1-fXjna6hVBNo/7k/Rkis4WRTUs18=",
      "dev": true,
      "license": "MIT",
      "engines": {
        "node": ">= 0.10"
      }
    },
    "node_modules/video-list": {
      "resolved": "",
      "link": true
    },
    "node_modules/vite": {
      "version": "4.5.5",
      "resolved": "http://registry.m.jd.com/vite/download/vite-4.5.5.tgz",
      "integrity": "sha1-Y5uf7KXAo7/jxgy2MO8ovyGddC4=",
      "dev": true,
      "license": "MIT",
      "dependencies": {
        "esbuild": "^0.18.10",
        "postcss": "^8.4.27",
        "rollup": "^3.27.1"
      },
      "bin": {
        "vite": "bin/vite.js"
      },
      "engines": {
        "node": "^14.18.0 || >=16.0.0"
      },
      "funding": {
        "url": "https://github.com/vitejs/vite?sponsor=1"
      },
      "optionalDependencies": {
        "fsevents": "~2.3.2"
      },
      "peerDependencies": {
        "@types/node": ">= 14",
        "less": "*",
        "lightningcss": "^1.21.0",
        "sass": "*",
        "stylus": "*",
        "sugarss": "*",
        "terser": "^5.4.0"
      },
      "peerDependenciesMeta": {
        "@types/node": {
          "optional": true
        },
        "less": {
          "optional": true
        },
        "lightningcss": {
          "optional": true
        },
        "sass": {
          "optional": true
        },
        "stylus": {
          "optional": true
        },
        "sugarss": {
          "optional": true
        },
        "terser": {
          "optional": true
        }
      }
    },
    "node_modules/vite-plugin-dts": {
      "version": "3.9.1",
      "resolved": "http://registry.m.jd.com/vite-plugin-dts/download/vite-plugin-dts-3.9.1.tgz",
      "integrity": "sha1-YlrTiOw5VnCMzseWBVCnsKjokJ4=",
      "dev": true,
      "license": "MIT",
      "dependencies": {
        "@microsoft/api-extractor": "7.43.0",
        "@rollup/pluginutils": "^5.1.0",
        "@vue/language-core": "^1.8.27",
        "debug": "^4.3.4",
        "kolorist": "^1.8.0",
        "magic-string": "^0.30.8",
        "vue-tsc": "^1.8.27"
      },
      "engines": {
        "node": "^14.18.0 || >=16.0.0"
      },
      "peerDependencies": {
        "typescript": "*",
        "vite": "*"
      },
      "peerDependenciesMeta": {
        "vite": {
          "optional": true
        }
      }
    },
    "node_modules/vue-template-compiler": {
      "version": "2.7.16",
      "resolved": "http://registry.m.jd.com/vue-template-compiler/download/vue-template-compiler-2.7.16.tgz",
      "integrity": "sha1-yBstR3UyZMd6wDuZZqRmN0grsDs=",
      "dev": true,
      "license": "MIT",
      "dependencies": {
        "de-indent": "^1.0.2",
        "he": "^1.2.0"
      }
    },
    "node_modules/vue-tsc": {
      "version": "1.8.27",
      "resolved": "http://registry.m.jd.com/vue-tsc/download/vue-tsc-1.8.27.tgz",
      "integrity": "sha1-/rK7Hu+b4oAXu56V4rvR691ISBw=",
      "dev": true,
      "license": "MIT",
      "dependencies": {
        "@volar/typescript": "~1.11.1",
        "@vue/language-core": "1.8.27",
        "semver": "^7.5.4"
      },
      "bin": {
        "vue-tsc": "bin/vue-tsc.js"
      },
      "peerDependencies": {
        "typescript": "*"
      }
    },
    "node_modules/yallist": {
      "version": "4.0.0",
      "resolved": "http://registry.m.jd.com/yallist/download/yallist-4.0.0.tgz",
      "integrity": "sha1-m7knkNnA7/7GO+c1GeEaNQGaOnI=",
      "dev": true,
      "license": "ISC"
    },
    "node_modules/z-schema": {
      "version": "5.0.5",
      "resolved": "http://registry.m.jd.com/z-schema/download/z-schema-5.0.5.tgz",
      "integrity": "sha1-aAWkjFNmphJcrg5YdSur/VA9rzI=",
      "dev": true,
      "license": "MIT",
      "dependencies": {
        "lodash.get": "^4.4.2",
        "lodash.isequal": "^4.5.0",
        "validator": "^13.7.0"
      },
      "bin": {
        "z-schema": "bin/z-schema"
      },
      "engines": {
        "node": ">=8.0.0"
      },
      "optionalDependencies": {
        "commander": "^9.4.1"
      }
    }
  }
}
